
Microsoft Visual Studio Solution File, Format Version 12.00
# Visual Studio Version 17
VisualStudioVersion = 17.9.34607.119
MinimumVisualStudioVersion = 10.0.40219.1
Project("{FAE04EC0-301F-11D3-BF4B-00C04F79EFBC}") = "Updater", "Updater.csproj", "{1C6A95D6-ED0A-4552-AD11-CA3ABB6FC5DF}"
EndProject
Global
	GlobalSection(SolutionConfigurationPlatforms) = preSolution
		Debug|Any CPU = Debug|Any CPU
		Release|Any CPU = Release|Any CPU
	EndGlobalSection
	GlobalSection(ProjectConfigurationPlatforms) = postSolution
		{1C6A95D6-ED0A-4552-AD11-CA3ABB6FC5DF}.Debug|Any CPU.ActiveCfg = Debug|Any CPU
		{1C6A95D6-ED0A-4552-AD11-CA3ABB6FC5DF}.Debug|Any CPU.Build.0 = Debug|Any CPU
		{1C6A95D6-ED0A-4552-AD11-CA3ABB6FC5DF}.Release|Any CPU.ActiveCfg = Release|Any CPU
		{1C6A95D6-ED0A-4552-AD11-CA3ABB6FC5DF}.Release|Any CPU.Build.0 = Release|Any CPU
	EndGlobalSection
	GlobalSection(SolutionProperties) = preSolution
		HideSolutionNode = FALSE
	EndGlobalSection
	GlobalSection(ExtensibilityGlobals) = postSolution
		SolutionGuid = {7F302B42-D5B1-4545-9640-78AB05110498}
	EndGlobalSection
EndGlobal
