
Microsoft Visual Studio Solution File, Format Version 12.00
# Visual Studio Version 17
VisualStudioVersion = 17.5.002.0
MinimumVisualStudioVersion = 10.0.40219.1
Project("{9A19103F-16F7-4668-BE54-9A1E7A4F7556}") = "Simple-Browser", "Simple-Browser.csproj", "{BAC92083-697C-4E06-8FB4-912EFD82A05A}"
EndProject
Global
	GlobalSection(SolutionConfigurationPlatforms) = preSolution
		Debug|Any CPU = Debug|Any CPU
		Debug|x64 = Debug|x64
		Release|Any CPU = Release|Any CPU
		Release|x64 = Release|x64
	EndGlobalSection
	GlobalSection(ProjectConfigurationPlatforms) = postSolution
		{BAC92083-697C-4E06-8FB4-912EFD82A05A}.Debug|Any CPU.ActiveCfg = Debug|Any CPU
		{BAC92083-697C-4E06-8FB4-912EFD82A05A}.Debug|Any CPU.Build.0 = Debug|Any CPU
		{BAC92083-697C-4E06-8FB4-912EFD82A05A}.Debug|x64.ActiveCfg = Debug|x64
		{BAC92083-697C-4E06-8FB4-912EFD82A05A}.Debug|x64.Build.0 = Debug|x64
		{BAC92083-697C-4E06-8FB4-912EFD82A05A}.Release|Any CPU.ActiveCfg = Release|x64
		{BAC92083-697C-4E06-8FB4-912EFD82A05A}.Release|Any CPU.Build.0 = Release|x64
		{BAC92083-697C-4E06-8FB4-912EFD82A05A}.Release|x64.ActiveCfg = Release|x64
		{BAC92083-697C-4E06-8FB4-912EFD82A05A}.Release|x64.Build.0 = Release|x64
	EndGlobalSection
	GlobalSection(SolutionProperties) = preSolution
		HideSolutionNode = FALSE
	EndGlobalSection
	GlobalSection(ExtensibilityGlobals) = postSolution
		SolutionGuid = {D97BC923-1581-47F1-9E4B-1BD135D18480}
	EndGlobalSection
EndGlobal
